// !$*UTF8*$!
{
	archiveVersion = 1;
	classes = {
	};
	objectVersion = 56;
	objects = {

/* Begin PBXBuildFile section */
		806E98EF290A93FC00D6CE6A /* SmafocusApp.swift in Sources */ = {isa = PBXBuildFile; fileRef = 806E98EE290A93FC00D6CE6A /* SmafocusApp.swift */; };
		806E98F1290A93FC00D6CE6A /* ScanCameraView.swift in Sources */ = {isa = PBXBuildFile; fileRef = 806E98F0290A93FC00D6CE6A /* ScanCameraView.swift */; };
		806E98F3290A93FD00D6CE6A /* Assets.xcassets in Resources */ = {isa = PBXBuildFile; fileRef = 806E98F2290A93FD00D6CE6A /* Assets.xcassets */; };
		806E98F6290A93FD00D6CE6A /* Preview Assets.xcassets in Resources */ = {isa = PBXBuildFile; fileRef = 806E98F5290A93FD00D6CE6A /* Preview Assets.xcassets */; };
		808EEB7A290A970C0002C33B /* BLEConnectionView.swift in Sources */ = {isa = PBXBuildFile; fileRef = 808EEB71290A970C0002C33B /* BLEConnectionView.swift */; };
		808EEB7B290A970C0002C33B /* FocusCalibrationView.swift in Sources */ = {isa = PBXBuildFile; fileRef = 808EEB72290A970C0002C33B /* FocusCalibrationView.swift */; };
		808EEB7C290A970C0002C33B /* MyCoreData.xcdatamodeld in Sources */ = {isa = PBXBuildFile; fileRef = 808EEB73290A970C0002C33B /* MyCoreData.xcdatamodeld */; };
		808EEB7D290A970C0002C33B /* BMCameraManager.swift in Sources */ = {isa = PBXBuildFile; fileRef = 808EEB75290A970C0002C33B /* BMCameraManager.swift */; };
		808EEB7E290A970C0002C33B /* BLEManager.swift in Sources */ = {isa = PBXBuildFile; fileRef = 808EEB76290A970C0002C33B /* BLEManager.swift */; };
		808EEB7F290A970C0002C33B /* BLEServiceSetting.swift in Sources */ = {isa = PBXBuildFile; fileRef = 808EEB77290A970C0002C33B /* BLEServiceSetting.swift */; };
		808EEB80290A970C0002C33B /* NavigaionShare.swift in Sources */ = {isa = PBXBuildFile; fileRef = 808EEB78290A970C0002C33B /* NavigaionShare.swift */; };
		808EEB81290A970C0002C33B /* Persistent.swift in Sources */ = {isa = PBXBuildFile; fileRef = 808EEB79290A970C0002C33B /* Persistent.swift */; };
/* End PBXBuildFile section */

/* Begin PBXFileReference section */
		806E98EB290A93FC00D6CE6A /* smafocus.app */ = {isa = PBXFileReference; explicitFileType = wrapper.application; includeInIndex = 0; path = smafocus.app; sourceTree = BUILT_PRODUCTS_DIR; };
		806E98EE290A93FC00D6CE6A /* SmafocusApp.swift */ = {isa = PBXFileReference; lastKnownFileType = sourcecode.swift; path = SmafocusApp.swift; sourceTree = "<group>"; };
		806E98F0290A93FC00D6CE6A /* ScanCameraView.swift */ = {isa = PBXFileReference; lastKnownFileType = sourcecode.swift; path = ScanCameraView.swift; sourceTree = "<group>"; };
		806E98F2290A93FD00D6CE6A /* Assets.xcassets */ = {isa = PBXFileReference; lastKnownFileType = folder.assetcatalog; path = Assets.xcassets; sourceTree = "<group>"; };
		806E98F5290A93FD00D6CE6A /* Preview Assets.xcassets */ = {isa = PBXFileReference; lastKnownFileType = folder.assetcatalog; path = "Preview Assets.xcassets"; sourceTree = "<group>"; };
		808EEB71290A970C0002C33B /* BLEConnectionView.swift */ = {isa = PBXFileReference; fileEncoding = 4; lastKnownFileType = sourcecode.swift; path = BLEConnectionView.swift; sourceTree = "<group>"; };
		808EEB72290A970C0002C33B /* FocusCalibrationView.swift */ = {isa = PBXFileReference; fileEncoding = 4; lastKnownFileType = sourcecode.swift; path = FocusCalibrationView.swift; sourceTree = "<group>"; };
		808EEB74290A970C0002C33B /* MyCoreData.xcdatamodel */ = {isa = PBXFileReference; lastKnownFileType = wrapper.xcdatamodel; path = MyCoreData.xcdatamodel; sourceTree = "<group>"; };
		808EEB75290A970C0002C33B /* BMCameraManager.swift */ = {isa = PBXFileReference; fileEncoding = 4; lastKnownFileType = sourcecode.swift; path = BMCameraManager.swift; sourceTree = "<group>"; };
		808EEB76290A970C0002C33B /* BLEManager.swift */ = {isa = PBXFileReference; fileEncoding = 4; lastKnownFileType = sourcecode.swift; path = BLEManager.swift; sourceTree = "<group>"; };
		808EEB77290A970C0002C33B /* BLEServiceSetting.swift */ = {isa = PBXFileReference; fileEncoding = 4; lastKnownFileType = sourcecode.swift; path = BLEServiceSetting.swift; sourceTree = "<group>"; };
		808EEB78290A970C0002C33B /* NavigaionShare.swift */ = {isa = PBXFileReference; fileEncoding = 4; lastKnownFileType = sourcecode.swift; path = NavigaionShare.swift; sourceTree = "<group>"; };
		808EEB79290A970C0002C33B /* Persistent.swift */ = {isa = PBXFileReference; fileEncoding = 4; lastKnownFileType = sourcecode.swift; path = Persistent.swift; sourceTree = "<group>"; };
		808EEB84290A99FF0002C33B /* Info.plist */ = {isa = PBXFileReference; lastKnownFileType = text.plist; path = Info.plist; sourceTree = "<group>"; };
/* End PBXFileReference section */

/* Begin PBXFrameworksBuildPhase section */
		806E98E8290A93FC00D6CE6A /* Frameworks */ = {
			isa = PBXFrameworksBuildPhase;
			buildActionMask = 2147483647;
			files = (
			);
			runOnlyForDeploymentPostprocessing = 0;
		};
/* End PBXFrameworksBuildPhase section */

/* Begin PBXGroup section */
		806E98E2290A93FC00D6CE6A = {
			isa = PBXGroup;
			children = (
				806E98ED290A93FC00D6CE6A /* smafocus */,
				806E98EC290A93FC00D6CE6A /* Products */,
			);
			sourceTree = "<group>";
		};
		806E98EC290A93FC00D6CE6A /* Products */ = {
			isa = PBXGroup;
			children = (
				806E98EB290A93FC00D6CE6A /* smafocus.app */,
			);
			name = Products;
			sourceTree = "<group>";
		};
		806E98ED290A93FC00D6CE6A /* smafocus */ = {
			isa = PBXGroup;
			children = (
				808EEB84290A99FF0002C33B /* Info.plist */,
				808EEB71290A970C0002C33B /* BLEConnectionView.swift */,
				808EEB76290A970C0002C33B /* BLEManager.swift */,
				808EEB77290A970C0002C33B /* BLEServiceSetting.swift */,
				808EEB75290A970C0002C33B /* BMCameraManager.swift */,
				808EEB72290A970C0002C33B /* FocusCalibrationView.swift */,
				808EEB78290A970C0002C33B /* NavigaionShare.swift */,
				808EEB79290A970C0002C33B /* Persistent.swift */,
				806E98EE290A93FC00D6CE6A /* SmafocusApp.swift */,
				806E98F0290A93FC00D6CE6A /* ScanCameraView.swift */,
				808EEB73290A970C0002C33B /* MyCoreData.xcdatamodeld */,
				806E98F2290A93FD00D6CE6A /* Assets.xcassets */,
				806E98F4290A93FD00D6CE6A /* Preview Content */,
			);
			path = smafocus;
			sourceTree = "<group>";
		};
		806E98F4290A93FD00D6CE6A /* Preview Content */ = {
			isa = PBXGroup;
			children = (
				806E98F5290A93FD00D6CE6A /* Preview Assets.xcassets */,
			);
			path = "Preview Content";
			sourceTree = "<group>";
		};
/* End PBXGroup section */

/* Begin PBXNativeTarget section */
		806E98EA290A93FC00D6CE6A /* smafocus */ = {
			isa = PBXNativeTarget;
			buildConfigurationList = 806E98F9290A93FD00D6CE6A /* Build configuration list for PBXNativeTarget "smafocus" */;
			buildPhases = (
				806E98E7290A93FC00D6CE6A /* Sources */,
				806E98E8290A93FC00D6CE6A /* Frameworks */,
				806E98E9290A93FC00D6CE6A /* Resources */,
			);
			buildRules = (
			);
			dependencies = (
			);
			name = smafocus;
			productName = smafocus;
			productReference = 806E98EB290A93FC00D6CE6A /* smafocus.app */;
			productType = "com.apple.product-type.application";
		};
/* End PBXNativeTarget section */

/* Begin PBXProject section */
		806E98E3290A93FC00D6CE6A /* Project object */ = {
			isa = PBXProject;
			attributes = {
				BuildIndependentTargetsInParallel = 1;
				LastSwiftUpdateCheck = 1400;
				LastUpgradeCheck = 1400;
				TargetAttributes = {
					806E98EA290A93FC00D6CE6A = {
						CreatedOnToolsVersion = 14.0.1;
					};
				};
			};
			buildConfigurationList = 806E98E6290A93FC00D6CE6A /* Build configuration list for PBXProject "smafocus" */;
			compatibilityVersion = "Xcode 14.0";
			developmentRegion = en;
			hasScannedForEncodings = 0;
			knownRegions = (
				en,
				Base,
			);
			mainGroup = 806E98E2290A93FC00D6CE6A;
			productRefGroup = 806E98EC290A93FC00D6CE6A /* Products */;
			projectDirPath = "";
			projectRoot = "";
			targets = (
				806E98EA290A93FC00D6CE6A /* smafocus */,
			);
		};
/* End PBXProject section */

/* Begin PBXResourcesBuildPhase section */
		806E98E9290A93FC00D6CE6A /* Resources */ = {
			isa = PBXResourcesBuildPhase;
			buildActionMask = 2147483647;
			files = (
				806E98F6290A93FD00D6CE6A /* Preview Assets.xcassets in Resources */,
				806E98F3290A93FD00D6CE6A /* Assets.xcassets in Resources */,
			);
			runOnlyForDeploymentPostprocessing = 0;
		};
/* End PBXResourcesBuildPhase section */

/* Begin PBXSourcesBuildPhase section */
		806E98E7290A93FC00D6CE6A /* Sources */ = {
			isa = PBXSourcesBuildPhase;
			buildActionMask = 2147483647;
			files = (
				808EEB7B290A970C0002C33B /* FocusCalibrationView.swift in Sources */,
				806E98F1290A93FC00D6CE6A /* ScanCameraView.swift in Sources */,
				808EEB81290A970C0002C33B /* Persistent.swift in Sources */,
				808EEB80290A970C0002C33B /* NavigaionShare.swift in Sources */,
				808EEB7E290A970C0002C33B /* BLEManager.swift in Sources */,
				808EEB7A290A970C0002C33B /* BLEConnectionView.swift in Sources */,
				808EEB7F290A970C0002C33B /* BLEServiceSetting.swift in Sources */,
				806E98EF290A93FC00D6CE6A /* SmafocusApp.swift in Sources */,
				808EEB7C290A970C0002C33B /* MyCoreData.xcdatamodeld in Sources */,
				808EEB7D290A970C0002C33B /* BMCameraManager.swift in Sources */,
			);
			runOnlyForDeploymentPostprocessing = 0;
		};
/* End PBXSourcesBuildPhase section */

/* Begin XCBuildConfiguration section */
		806E98F7290A93FD00D6CE6A /* Debug */ = {
			isa = XCBuildConfiguration;
			buildSettings = {
				ALWAYS_SEARCH_USER_PATHS = NO;
				CLANG_ANALYZER_NONNULL = YES;
				CLANG_ANALYZER_NUMBER_OBJECT_CONVERSION = YES_AGGRESSIVE;
				CLANG_CXX_LANGUAGE_STANDARD = "gnu++20";
				CLANG_ENABLE_MODULES = YES;
				CLANG_ENABLE_OBJC_ARC = YES;
				CLANG_ENABLE_OBJC_WEAK = YES;
				CLANG_WARN_BLOCK_CAPTURE_AUTORELEASING = YES;
				CLANG_WARN_BOOL_CONVERSION = YES;
				CLANG_WARN_COMMA = YES;
				CLANG_WARN_CONSTANT_CONVERSION = YES;
				CLANG_WARN_DEPRECATED_OBJC_IMPLEMENTATIONS = YES;
				CLANG_WARN_DIRECT_OBJC_ISA_USAGE = YES_ERROR;
				CLANG_WARN_DOCUMENTATION_COMMENTS = YES;
				CLANG_WARN_EMPTY_BODY = YES;
				CLANG_WARN_ENUM_CONVERSION = YES;
				CLANG_WARN_INFINITE_RECURSION = YES;
				CLANG_WARN_INT_CONVERSION = YES;
				CLANG_WARN_NON_LITERAL_NULL_CONVERSION = YES;
				CLANG_WARN_OBJC_IMPLICIT_RETAIN_SELF = YES;
				CLANG_WARN_OBJC_LITERAL_CONVERSION = YES;
				CLANG_WARN_OBJC_ROOT_CLASS = YES_ERROR;
				CLANG_WARN_QUOTED_INCLUDE_IN_FRAMEWORK_HEADER = YES;
				CLANG_WARN_RANGE_LOOP_ANALYSIS = YES;
				CLANG_WARN_STRICT_PROTOTYPES = YES;
				CLANG_WARN_SUSPICIOUS_MOVE = YES;
				CLANG_WARN_UNGUARDED_AVAILABILITY = YES_AGGRESSIVE;
				CLANG_WARN_UNREACHABLE_CODE = YES;
				CLANG_WARN__DUPLICATE_METHOD_MATCH = YES;
				COPY_PHASE_STRIP = NO;
				DEBUG_INFORMATION_FORMAT = dwarf;
				ENABLE_STRICT_OBJC_MSGSEND = YES;
				ENABLE_TESTABILITY = YES;
				GCC_C_LANGUAGE_STANDARD = gnu11;
				GCC_DYNAMIC_NO_PIC = NO;
				GCC_NO_COMMON_BLOCKS = YES;
				GCC_OPTIMIZATION_LEVEL = 0;
				GCC_PREPROCESSOR_DEFINITIONS = (
					"DEBUG=1",
					"$(inherited)",
				);
				GCC_WARN_64_TO_32_BIT_CONVERSION = YES;
				GCC_WARN_ABOUT_RETURN_TYPE = YES_ERROR;
				GCC_WARN_UNDECLARED_SELECTOR = YES;
				GCC_WARN_UNINITIALIZED_AUTOS = YES_AGGRESSIVE;
				GCC_WARN_UNUSED_FUNCTION = YES;
				GCC_WARN_UNUSED_VARIABLE = YES;
				IPHONEOS_DEPLOYMENT_TARGET = 16.0;
				MTL_ENABLE_DEBUG_INFO = INCLUDE_SOURCE;
				MTL_FAST_MATH = YES;
				ONLY_ACTIVE_ARCH = YES;
				SDKROOT = iphoneos;
				SWIFT_ACTIVE_COMPILATION_CONDITIONS = DEBUG;
				SWIFT_OPTIMIZATION_LEVEL = "-Onone";
			};
			name = Debug;
		};
		806E98F8290A93FD00D6CE6A /* Release */ = {
			isa = XCBuildConfiguration;
			buildSettings = {
				ALWAYS_SEARCH_USER_PATHS = NO;
				CLANG_ANALYZER_NONNULL = YES;
				CLANG_ANALYZER_NUMBER_OBJECT_CONVERSION = YES_AGGRESSIVE;
				CLANG_CXX_LANGUAGE_STANDARD = "gnu++20";
				CLANG_ENABLE_MODULES = YES;
				CLANG_ENABLE_OBJC_ARC = YES;
				CLANG_ENABLE_OBJC_WEAK = YES;
				CLANG_WARN_BLOCK_CAPTURE_AUTORELEASING = YES;
				CLANG_WARN_BOOL_CONVERSION = YES;
				CLANG_WARN_COMMA = YES;
				CLANG_WARN_CONSTANT_CONVERSION = YES;
				CLANG_WARN_DEPRECATED_OBJC_IMPLEMENTATIONS = YES;
				CLANG_WARN_DIRECT_OBJC_ISA_USAGE = YES_ERROR;
				CLANG_WARN_DOCUMENTATION_COMMENTS = YES;
				CLANG_WARN_EMPTY_BODY = YES;
				CLANG_WARN_ENUM_CONVERSION = YES;
				CLANG_WARN_INFINITE_RECURSION = YES;
				CLANG_WARN_INT_CONVERSION = YES;
				CLANG_WARN_NON_LITERAL_NULL_CONVERSION = YES;
				CLANG_WARN_OBJC_IMPLICIT_RETAIN_SELF = YES;
				CLANG_WARN_OBJC_LITERAL_CONVERSION = YES;
				CLANG_WARN_OBJC_ROOT_CLASS = YES_ERROR;
				CLANG_WARN_QUOTED_INCLUDE_IN_FRAMEWORK_HEADER = YES;
				CLANG_WARN_RANGE_LOOP_ANALYSIS = YES;
				CLANG_WARN_STRICT_PROTOTYPES = YES;
				CLANG_WARN_SUSPICIOUS_MOVE = YES;
				CLANG_WARN_UNGUARDED_AVAILABILITY = YES_AGGRESSIVE;
				CLANG_WARN_UNREACHABLE_CODE = YES;
				CLANG_WARN__DUPLICATE_METHOD_MATCH = YES;
				COPY_PHASE_STRIP = NO;
				DEBUG_INFORMATION_FORMAT = "dwarf-with-dsym";
				ENABLE_NS_ASSERTIONS = NO;
				ENABLE_STRICT_OBJC_MSGSEND = YES;
				GCC_C_LANGUAGE_STANDARD = gnu11;
				GCC_NO_COMMON_BLOCKS = YES;
				GCC_WARN_64_TO_32_BIT_CONVERSION = YES;
				GCC_WARN_ABOUT_RETURN_TYPE = YES_ERROR;
				GCC_WARN_UNDECLARED_SELECTOR = YES;
				GCC_WARN_UNINITIALIZED_AUTOS = YES_AGGRESSIVE;
				GCC_WARN_UNUSED_FUNCTION = YES;
				GCC_WARN_UNUSED_VARIABLE = YES;
				IPHONEOS_DEPLOYMENT_TARGET = 16.0;
				MTL_ENABLE_DEBUG_INFO = NO;
				MTL_FAST_MATH = YES;
				SDKROOT = iphoneos;
				SWIFT_COMPILATION_MODE = wholemodule;
				SWIFT_OPTIMIZATION_LEVEL = "-O";
				VALIDATE_PRODUCT = YES;
			};
			name = Release;
		};
		806E98FA290A93FD00D6CE6A /* Debug */ = {
			isa = XCBuildConfiguration;
			buildSettings = {
				ASSETCATALOG_COMPILER_APPICON_NAME = AppIcon;
				ASSETCATALOG_COMPILER_GLOBAL_ACCENT_COLOR_NAME = AccentColor;
				CODE_SIGN_STYLE = Automatic;
				CURRENT_PROJECT_VERSION = 1;
				DEVELOPMENT_ASSET_PATHS = "\"smafocus/Preview Content\"";
				DEVELOPMENT_TEAM = 3WJMSKPPYC;
				ENABLE_PREVIEWS = YES;
				GENERATE_INFOPLIST_FILE = YES;
				INFOPLIST_FILE = smafocus/Info.plist;
				INFOPLIST_KEY_NSBluetoothAlwaysUsageDescription = "To connect a camera via bluetooth";
				INFOPLIST_KEY_UIApplicationSceneManifest_Generation = YES;
				INFOPLIST_KEY_UIApplicationSupportsIndirectInputEvents = YES;
				INFOPLIST_KEY_UILaunchScreen_Generation = YES;
				INFOPLIST_KEY_UISupportedInterfaceOrientations_iPad = "UIInterfaceOrientationPortrait UIInterfaceOrientationPortraitUpsideDown UIInterfaceOrientationLandscapeLeft UIInterfaceOrientationLandscapeRight";
				INFOPLIST_KEY_UISupportedInterfaceOrientations_iPhone = "UIInterfaceOrientationPortrait UIInterfaceOrientationLandscapeLeft UIInterfaceOrientationLandscapeRight";
				LD_RUNPATH_SEARCH_PATHS = (
					"$(inherited)",
					"@executable_path/Frameworks",
				);
				MARKETING_VERSION = 1.0;
				PRODUCT_BUNDLE_IDENTIFIER = com.naonaorange.smafocus;
				PRODUCT_NAME = "$(TARGET_NAME)";
				SWIFT_EMIT_LOC_STRINGS = YES;
				SWIFT_VERSION = 5.0;
				TARGETED_DEVICE_FAMILY = "1,2";
			};
			name = Debug;
		};
		806E98FB290A93FD00D6CE6A /* Release */ = {
			isa = XCBuildConfiguration;
			buildSettings = {
				ASSETCATALOG_COMPILER_APPICON_NAME = AppIcon;
				ASSETCATALOG_COMPILER_GLOBAL_ACCENT_COLOR_NAME = AccentColor;
				CODE_SIGN_STYLE = Automatic;
				CURRENT_PROJECT_VERSION = 1;
				DEVELOPMENT_ASSET_PATHS = "\"smafocus/Preview Content\"";
				DEVELOPMENT_TEAM = 3WJMSKPPYC;
				ENABLE_PREVIEWS = YES;
				GENERATE_INFOPLIST_FILE = YES;
				INFOPLIST_FILE = smafocus/Info.plist;
				INFOPLIST_KEY_NSBluetoothAlwaysUsageDescription = "To connect a camera via bluetooth";
				INFOPLIST_KEY_UIApplicationSceneManifest_Generation = YES;
				INFOPLIST_KEY_UIApplicationSupportsIndirectInputEvents = YES;
				INFOPLIST_KEY_UILaunchScreen_Generation = YES;
				INFOPLIST_KEY_UISupportedInterfaceOrientations_iPad = "UIInterfaceOrientationPortrait UIInterfaceOrientationPortraitUpsideDown UIInterfaceOrientationLandscapeLeft UIInterfaceOrientationLandscapeRight";
				INFOPLIST_KEY_UISupportedInterfaceOrientations_iPhone = "UIInterfaceOrientationPortrait UIInterfaceOrientationLandscapeLeft UIInterfaceOrientationLandscapeRight";
				LD_RUNPATH_SEARCH_PATHS = (
					"$(inherited)",
					"@executable_path/Frameworks",
				);
				MARKETING_VERSION = 1.0;
				PRODUCT_BUNDLE_IDENTIFIER = com.naonaorange.smafocus;
				PRODUCT_NAME = "$(TARGET_NAME)";
				SWIFT_EMIT_LOC_STRINGS = YES;
				SWIFT_VERSION = 5.0;
				TARGETED_DEVICE_FAMILY = "1,2";
			};
			name = Release;
		};
/* End XCBuildConfiguration section */

/* Begin XCConfigurationList section */
		806E98E6290A93FC00D6CE6A /* Build configuration list for PBXProject "smafocus" */ = {
			isa = XCConfigurationList;
			buildConfigurations = (
				806E98F7290A93FD00D6CE6A /* Debug */,
				806E98F8290A93FD00D6CE6A /* Release */,
			);
			defaultConfigurationIsVisible = 0;
			defaultConfigurationName = Release;
		};
		806E98F9290A93FD00D6CE6A /* Build configuration list for PBXNativeTarget "smafocus" */ = {
			isa = XCConfigurationList;
			buildConfigurations = (
				806E98FA290A93FD00D6CE6A /* Debug */,
				806E98FB290A93FD00D6CE6A /* Release */,
			);
			defaultConfigurationIsVisible = 0;
			defaultConfigurationName = Release;
		};
/* End XCConfigurationList section */

/* Begin XCVersionGroup section */
		808EEB73290A970C0002C33B /* MyCoreData.xcdatamodeld */ = {
			isa = XCVersionGroup;
			children = (
				808EEB74290A970C0002C33B /* MyCoreData.xcdatamodel */,
			);
			currentVersion = 808EEB74290A970C0002C33B /* MyCoreData.xcdatamodel */;
			path = MyCoreData.xcdatamodeld;
			sourceTree = "<group>";
			versionGroupType = wrapper.xcdatamodel;
		};
/* End XCVersionGroup section */
	};
	rootObject = 806E98E3290A93FC00D6CE6A /* Project object */;
}
